schema: '2.0'
stages:
  data_ingestion:
    cmd: python src/cnnClassifier/pipeline/stage_01_data_ingestion.py
    deps:
    - path: config/config.yaml
      hash: md5
      md5: 71fba17d0aba4e3ed822eaaa188ec9a7
      size: 609
    - path: src/cnnClassifier/pipeline/stage_01_data_ingestion.py
      hash: md5
      md5: 672bc42b5a3ad664ebbda7313f49dc42
      size: 962
    outs:
    - path: artifacts/data_ingestion/chest_scan
      hash: md5
      md5: 0489244937c80f4d194a7d33d33234b7.dir
      size: 22499932
      nfiles: 2786
  prepare_base_model:
    cmd: python src/cnnClassifier/pipeline/stage_02_prepare_base_model.py
    deps:
    - path: config/config.yaml
      hash: md5
      md5: 71fba17d0aba4e3ed822eaaa188ec9a7
      size: 609
    - path: src/cnnClassifier/pipeline/stage_02_prepare_base_model.py
      hash: md5
      md5: d5524b13a4a5d9f27bd9ed9cd9ed211e
      size: 1253
    params:
      params.yaml:
        CLASSES: 2
        IMAGE_SIZE:
        - 128
        - 128
        - 3
        INCLUDE_TOP: false
        LEARNING_RATE: 0.001
        WEIGHTS: imagenet
    outs:
    - path: artifacts/prepare_base_model
      hash: md5
      md5: 34ec4b9d6067eeab82819865711ea45d.dir
      size: 117922656
      nfiles: 2
  training:
    cmd: python src/cnnClassifier/pipeline/stage_03_model_trainer.py
    deps:
    - path: artifacts/data_ingestion/chest_scan
      hash: md5
      md5: 0489244937c80f4d194a7d33d33234b7.dir
      size: 22499932
      nfiles: 2786
    - path: artifacts/prepare_base_model
      hash: md5
      md5: 34ec4b9d6067eeab82819865711ea45d.dir
      size: 117922656
      nfiles: 2
    - path: config/config.yaml
      hash: md5
      md5: 71fba17d0aba4e3ed822eaaa188ec9a7
      size: 609
    - path: src/cnnClassifier/pipeline/stage_03_model_trainer.py
      hash: md5
      md5: 409ff59406114a904fac621dde970dd3
      size: 1490
    params:
      params.yaml:
        AUGMENTATION: true
        BATCH_SIZE: 64
        EPOCHS: 1
        IMAGE_SIZE:
        - 128
        - 128
        - 3
    outs:
    - path: artifacts/training/trained_model.h5
      hash: md5
      md5: 3de24a9556a0b07c91695415b9dbb1dd
      size: 59145704
  evaluation:
    cmd: python src/cnnClassifier/pipeline/stage_04_evaluation.py
    deps:
    - path: artifacts/data_ingestion/chest_scan
      hash: md5
      md5: 0489244937c80f4d194a7d33d33234b7.dir
      size: 22499932
      nfiles: 2786
    - path: artifacts/training/trained_model.h5
      hash: md5
      md5: 3de24a9556a0b07c91695415b9dbb1dd
      size: 59145704
    - path: config/config.yaml
      hash: md5
      md5: 71fba17d0aba4e3ed822eaaa188ec9a7
      size: 609
    - path: src/cnnClassifier/pipeline/stage_04_evaluation.py
      hash: md5
      md5: 46f1333e8fa2d93669920f3d8c705e40
      size: 921
    params:
      params.yaml:
        BATCH_SIZE: 64
        IMAGE_SIZE:
        - 128
        - 128
        - 3
    outs:
    - path: scores.json
      hash: md5
      md5: 22448ec3dfc4a9d95ae91e3a1475a66b
      size: 74
